
Microsoft Visual Studio Solution File, Format Version 12.00
# Visual Studio Version 16
VisualStudioVersion = 16.0.30523.141
MinimumVisualStudioVersion = 10.0.40219.1
Project("{FAE04EC0-301F-11D3-BF4B-00C04F79EFBC}") = "WooliesChallenge", "WooliesChallenge\WooliesChallenge.csproj", "{0F767B26-A2F0-4BA0-8C3B-A1F135FBD13A}"
EndProject
Project("{FAE04EC0-301F-11D3-BF4B-00C04F79EFBC}") = "WooliesChallengeUnitTest", "WooliesChallengeUnitTest\WooliesChallengeUnitTest.csproj", "{2A5F75A2-F038-4AB8-B73D-6DF0A1FD7AC8}"
EndProject
Global
	GlobalSection(SolutionConfigurationPlatforms) = preSolution
		Debug|Any CPU = Debug|Any CPU
		Release|Any CPU = Release|Any CPU
	EndGlobalSection
	GlobalSection(ProjectConfigurationPlatforms) = postSolution
		{0F767B26-A2F0-4BA0-8C3B-A1F135FBD13A}.Debug|Any CPU.ActiveCfg = Debug|Any CPU
		{0F767B26-A2F0-4BA0-8C3B-A1F135FBD13A}.Debug|Any CPU.Build.0 = Debug|Any CPU
		{0F767B26-A2F0-4BA0-8C3B-A1F135FBD13A}.Release|Any CPU.ActiveCfg = Release|Any CPU
		{0F767B26-A2F0-4BA0-8C3B-A1F135FBD13A}.Release|Any CPU.Build.0 = Release|Any CPU
		{2A5F75A2-F038-4AB8-B73D-6DF0A1FD7AC8}.Debug|Any CPU.ActiveCfg = Debug|Any CPU
		{2A5F75A2-F038-4AB8-B73D-6DF0A1FD7AC8}.Debug|Any CPU.Build.0 = Debug|Any CPU
		{2A5F75A2-F038-4AB8-B73D-6DF0A1FD7AC8}.Release|Any CPU.ActiveCfg = Release|Any CPU
		{2A5F75A2-F038-4AB8-B73D-6DF0A1FD7AC8}.Release|Any CPU.Build.0 = Release|Any CPU
	EndGlobalSection
	GlobalSection(SolutionProperties) = preSolution
		HideSolutionNode = FALSE
	EndGlobalSection
	GlobalSection(ExtensibilityGlobals) = postSolution
		SolutionGuid = {C03F29A3-CDC4-4EC3-8AAD-AA67C6D8767F}
	EndGlobalSection
EndGlobal
